
Microsoft Visual Studio Solution File, Format Version 12.00
# Visual Studio 14
VisualStudioVersion = 14.0.25420.1
MinimumVisualStudioVersion = 10.0.40219.1
Project("{8BC9CEB8-8B4A-11D0-8D11-00A0C91BC942}") = "StrViewConvExample", "StrViewConvExample\StrViewConvExample.vcxproj", "{F97C940B-ECC2-4F38-95DE-45940C7CB9E2}"
EndProject
Project("{8BC9CEB8-8B4A-11D0-8D11-00A0C91BC942}") = "StrtokProof", "StrtokProof\StrtokProof.vcxproj", "{452DFC28-B027-4DDC-B305-85E2E12131A1}"
EndProject
Global
	GlobalSection(SolutionConfigurationPlatforms) = preSolution
		Debug|x64 = Debug|x64
		Debug|x86 = Debug|x86
		Release|x64 = Release|x64
		Release|x86 = Release|x86
	EndGlobalSection
	GlobalSection(ProjectConfigurationPlatforms) = postSolution
		{F97C940B-ECC2-4F38-95DE-45940C7CB9E2}.Debug|x64.ActiveCfg = Debug|x64
		{F97C940B-ECC2-4F38-95DE-45940C7CB9E2}.Debug|x64.Build.0 = Debug|x64
		{F97C940B-ECC2-4F38-95DE-45940C7CB9E2}.Debug|x86.ActiveCfg = Debug|Win32
		{F97C940B-ECC2-4F38-95DE-45940C7CB9E2}.Debug|x86.Build.0 = Debug|Win32
		{F97C940B-ECC2-4F38-95DE-45940C7CB9E2}.Release|x64.ActiveCfg = Release|x64
		{F97C940B-ECC2-4F38-95DE-45940C7CB9E2}.Release|x64.Build.0 = Release|x64
		{F97C940B-ECC2-4F38-95DE-45940C7CB9E2}.Release|x86.ActiveCfg = Release|Win32
		{F97C940B-ECC2-4F38-95DE-45940C7CB9E2}.Release|x86.Build.0 = Release|Win32
		{452DFC28-B027-4DDC-B305-85E2E12131A1}.Debug|x64.ActiveCfg = Debug|x64
		{452DFC28-B027-4DDC-B305-85E2E12131A1}.Debug|x64.Build.0 = Debug|x64
		{452DFC28-B027-4DDC-B305-85E2E12131A1}.Debug|x86.ActiveCfg = Debug|Win32
		{452DFC28-B027-4DDC-B305-85E2E12131A1}.Debug|x86.Build.0 = Debug|Win32
		{452DFC28-B027-4DDC-B305-85E2E12131A1}.Release|x64.ActiveCfg = Release|x64
		{452DFC28-B027-4DDC-B305-85E2E12131A1}.Release|x64.Build.0 = Release|x64
		{452DFC28-B027-4DDC-B305-85E2E12131A1}.Release|x86.ActiveCfg = Release|Win32
		{452DFC28-B027-4DDC-B305-85E2E12131A1}.Release|x86.Build.0 = Release|Win32
	EndGlobalSection
	GlobalSection(SolutionProperties) = preSolution
		HideSolutionNode = FALSE
	EndGlobalSection
EndGlobal
